// !$*UTF8*$!
{
	archiveVersion = 1;
	classes = {
	};
	objectVersion = 50;
	objects = {

/* Begin PBXBuildFile section */
		B991628525BFD82800618A51 /* AppDelegate.m in Sources */ = {isa = PBXBuildFile; fileRef = B991628425BFD82800618A51 /* AppDelegate.m */; };
		B991628825BFD82800618A51 /* SceneDelegate.m in Sources */ = {isa = PBXBuildFile; fileRef = B991628725BFD82800618A51 /* SceneDelegate.m */; };
		B991628B25BFD82800618A51 /* ViewController.m in Sources */ = {isa = PBXBuildFile; fileRef = B991628A25BFD82800618A51 /* ViewController.m */; };
		B991628E25BFD82800618A51 /* Main.storyboard in Resources */ = {isa = PBXBuildFile; fileRef = B991628C25BFD82800618A51 /* Main.storyboard */; };
		B991629025BFD82800618A51 /* Assets.xcassets in Resources */ = {isa = PBXBuildFile; fileRef = B991628F25BFD82800618A51 /* Assets.xcassets */; };
		B991629325BFD82900618A51 /* LaunchScreen.storyboard in Resources */ = {isa = PBXBuildFile; fileRef = B991629125BFD82800618A51 /* LaunchScreen.storyboard */; };
		B991629625BFD82900618A51 /* main.m in Sources */ = {isa = PBXBuildFile; fileRef = B991629525BFD82900618A51 /* main.m */; };
		B991629F25BFF1D000618A51 /* WebViewController.m in Sources */ = {isa = PBXBuildFile; fileRef = B991629E25BFF1D000618A51 /* WebViewController.m */; };
		B99162A325BFFA6200618A51 /* WebKit.framework in Frameworks */ = {isa = PBXBuildFile; fileRef = B99162A225BFFA6200618A51 /* WebKit.framework */; };
/* End PBXBuildFile section */

/* Begin PBXFileReference section */
		B991628025BFD82800618A51 /* DarkmodePractice.app */ = {isa = PBXFileReference; explicitFileType = wrapper.application; includeInIndex = 0; path = DarkmodePractice.app; sourceTree = BUILT_PRODUCTS_DIR; };
		B991628325BFD82800618A51 /* AppDelegate.h */ = {isa = PBXFileReference; lastKnownFileType = sourcecode.c.h; path = AppDelegate.h; sourceTree = "<group>"; };
		B991628425BFD82800618A51 /* AppDelegate.m */ = {isa = PBXFileReference; lastKnownFileType = sourcecode.c.objc; path = AppDelegate.m; sourceTree = "<group>"; };
		B991628625BFD82800618A51 /* SceneDelegate.h */ = {isa = PBXFileReference; lastKnownFileType = sourcecode.c.h; path = SceneDelegate.h; sourceTree = "<group>"; };
		B991628725BFD82800618A51 /* SceneDelegate.m */ = {isa = PBXFileReference; lastKnownFileType = sourcecode.c.objc; path = SceneDelegate.m; sourceTree = "<group>"; };
		B991628925BFD82800618A51 /* ViewController.h */ = {isa = PBXFileReference; lastKnownFileType = sourcecode.c.h; path = ViewController.h; sourceTree = "<group>"; };
		B991628A25BFD82800618A51 /* ViewController.m */ = {isa = PBXFileReference; lastKnownFileType = sourcecode.c.objc; path = ViewController.m; sourceTree = "<group>"; };
		B991628D25BFD82800618A51 /* Base */ = {isa = PBXFileReference; lastKnownFileType = file.storyboard; name = Base; path = Base.lproj/Main.storyboard; sourceTree = "<group>"; };
		B991628F25BFD82800618A51 /* Assets.xcassets */ = {isa = PBXFileReference; lastKnownFileType = folder.assetcatalog; path = Assets.xcassets; sourceTree = "<group>"; };
		B991629225BFD82900618A51 /* Base */ = {isa = PBXFileReference; lastKnownFileType = file.storyboard; name = Base; path = Base.lproj/LaunchScreen.storyboard; sourceTree = "<group>"; };
		B991629425BFD82900618A51 /* Info.plist */ = {isa = PBXFileReference; lastKnownFileType = text.plist.xml; path = Info.plist; sourceTree = "<group>"; };
		B991629525BFD82900618A51 /* main.m */ = {isa = PBXFileReference; lastKnownFileType = sourcecode.c.objc; path = main.m; sourceTree = "<group>"; };
		B991629D25BFF1D000618A51 /* WebViewController.h */ = {isa = PBXFileReference; lastKnownFileType = sourcecode.c.h; path = WebViewController.h; sourceTree = "<group>"; };
		B991629E25BFF1D000618A51 /* WebViewController.m */ = {isa = PBXFileReference; lastKnownFileType = sourcecode.c.objc; path = WebViewController.m; sourceTree = "<group>"; };
		B99162A225BFFA6200618A51 /* WebKit.framework */ = {isa = PBXFileReference; lastKnownFileType = wrapper.framework; name = WebKit.framework; path = System/Library/Frameworks/WebKit.framework; sourceTree = SDKROOT; };
/* End PBXFileReference section */

/* Begin PBXFrameworksBuildPhase section */
		B991627D25BFD82800618A51 /* Frameworks */ = {
			isa = PBXFrameworksBuildPhase;
			buildActionMask = 2147483647;
			files = (
				B99162A325BFFA6200618A51 /* WebKit.framework in Frameworks */,
			);
			runOnlyForDeploymentPostprocessing = 0;
		};
/* End PBXFrameworksBuildPhase section */

/* Begin PBXGroup section */
		B991627725BFD82800618A51 = {
			isa = PBXGroup;
			children = (
				B991628225BFD82800618A51 /* DarkmodePractice */,
				B991628125BFD82800618A51 /* Products */,
				B99162A125BFFA6200618A51 /* Frameworks */,
			);
			sourceTree = "<group>";
		};
		B991628125BFD82800618A51 /* Products */ = {
			isa = PBXGroup;
			children = (
				B991628025BFD82800618A51 /* DarkmodePractice.app */,
			);
			name = Products;
			sourceTree = "<group>";
		};
		B991628225BFD82800618A51 /* DarkmodePractice */ = {
			isa = PBXGroup;
			children = (
				B991628325BFD82800618A51 /* AppDelegate.h */,
				B991628425BFD82800618A51 /* AppDelegate.m */,
				B991628625BFD82800618A51 /* SceneDelegate.h */,
				B991628725BFD82800618A51 /* SceneDelegate.m */,
				B991628925BFD82800618A51 /* ViewController.h */,
				B991628A25BFD82800618A51 /* ViewController.m */,
				B991629D25BFF1D000618A51 /* WebViewController.h */,
				B991629E25BFF1D000618A51 /* WebViewController.m */,
				B991628C25BFD82800618A51 /* Main.storyboard */,
				B991628F25BFD82800618A51 /* Assets.xcassets */,
				B991629125BFD82800618A51 /* LaunchScreen.storyboard */,
				B991629425BFD82900618A51 /* Info.plist */,
				B991629525BFD82900618A51 /* main.m */,
			);
			path = DarkmodePractice;
			sourceTree = "<group>";
		};
		B99162A125BFFA6200618A51 /* Frameworks */ = {
			isa = PBXGroup;
			children = (
				B99162A225BFFA6200618A51 /* WebKit.framework */,
			);
			name = Frameworks;
			sourceTree = "<group>";
		};
/* End PBXGroup section */

/* Begin PBXNativeTarget section */
		B991627F25BFD82800618A51 /* DarkmodePractice */ = {
			isa = PBXNativeTarget;
			buildConfigurationList = B991629925BFD82900618A51 /* Build configuration list for PBXNativeTarget "DarkmodePractice" */;
			buildPhases = (
				B991627C25BFD82800618A51 /* Sources */,
				B991627D25BFD82800618A51 /* Frameworks */,
				B991627E25BFD82800618A51 /* Resources */,
			);
			buildRules = (
			);
			dependencies = (
			);
			name = DarkmodePractice;
			productName = DarkmodePractice;
			productReference = B991628025BFD82800618A51 /* DarkmodePractice.app */;
			productType = "com.apple.product-type.application";
		};
/* End PBXNativeTarget section */

/* Begin PBXProject section */
		B991627825BFD82800618A51 /* Project object */ = {
			isa = PBXProject;
			attributes = {
				LastUpgradeCheck = 1230;
				TargetAttributes = {
					B991627F25BFD82800618A51 = {
						CreatedOnToolsVersion = 12.3;
					};
				};
			};
			buildConfigurationList = B991627B25BFD82800618A51 /* Build configuration list for PBXProject "DarkmodePractice" */;
			compatibilityVersion = "Xcode 9.3";
			developmentRegion = en;
			hasScannedForEncodings = 0;
			knownRegions = (
				en,
				Base,
			);
			mainGroup = B991627725BFD82800618A51;
			productRefGroup = B991628125BFD82800618A51 /* Products */;
			projectDirPath = "";
			projectRoot = "";
			targets = (
				B991627F25BFD82800618A51 /* DarkmodePractice */,
			);
		};
/* End PBXProject section */

/* Begin PBXResourcesBuildPhase section */
		B991627E25BFD82800618A51 /* Resources */ = {
			isa = PBXResourcesBuildPhase;
			buildActionMask = 2147483647;
			files = (
				B991629325BFD82900618A51 /* LaunchScreen.storyboard in Resources */,
				B991629025BFD82800618A51 /* Assets.xcassets in Resources */,
				B991628E25BFD82800618A51 /* Main.storyboard in Resources */,
			);
			runOnlyForDeploymentPostprocessing = 0;
		};
/* End PBXResourcesBuildPhase section */

/* Begin PBXSourcesBuildPhase section */
		B991627C25BFD82800618A51 /* Sources */ = {
			isa = PBXSourcesBuildPhase;
			buildActionMask = 2147483647;
			files = (
				B991628B25BFD82800618A51 /* ViewController.m in Sources */,
				B991629F25BFF1D000618A51 /* WebViewController.m in Sources */,
				B991628525BFD82800618A51 /* AppDelegate.m in Sources */,
				B991629625BFD82900618A51 /* main.m in Sources */,
				B991628825BFD82800618A51 /* SceneDelegate.m in Sources */,
			);
			runOnlyForDeploymentPostprocessing = 0;
		};
/* End PBXSourcesBuildPhase section */

/* Begin PBXVariantGroup section */
		B991628C25BFD82800618A51 /* Main.storyboard */ = {
			isa = PBXVariantGroup;
			children = (
				B991628D25BFD82800618A51 /* Base */,
			);
			name = Main.storyboard;
			sourceTree = "<group>";
		};
		B991629125BFD82800618A51 /* LaunchScreen.storyboard */ = {
			isa = PBXVariantGroup;
			children = (
				B991629225BFD82900618A51 /* Base */,
			);
			name = LaunchScreen.storyboard;
			sourceTree = "<group>";
		};
/* End PBXVariantGroup section */

/* Begin XCBuildConfiguration section */
		B991629725BFD82900618A51 /* Debug */ = {
			isa = XCBuildConfiguration;
			buildSettings = {
				ALWAYS_SEARCH_USER_PATHS = NO;
				CLANG_ANALYZER_NONNULL = YES;
				CLANG_ANALYZER_NUMBER_OBJECT_CONVERSION = YES_AGGRESSIVE;
				CLANG_CXX_LANGUAGE_STANDARD = "gnu++14";
				CLANG_CXX_LIBRARY = "libc++";
				CLANG_ENABLE_MODULES = YES;
				CLANG_ENABLE_OBJC_ARC = YES;
				CLANG_ENABLE_OBJC_WEAK = YES;
				CLANG_WARN_BLOCK_CAPTURE_AUTORELEASING = YES;
				CLANG_WARN_BOOL_CONVERSION = YES;
				CLANG_WARN_COMMA = YES;
				CLANG_WARN_CONSTANT_CONVERSION = YES;
				CLANG_WARN_DEPRECATED_OBJC_IMPLEMENTATIONS = YES;
				CLANG_WARN_DIRECT_OBJC_ISA_USAGE = YES_ERROR;
				CLANG_WARN_DOCUMENTATION_COMMENTS = YES;
				CLANG_WARN_EMPTY_BODY = YES;
				CLANG_WARN_ENUM_CONVERSION = YES;
				CLANG_WARN_INFINITE_RECURSION = YES;
				CLANG_WARN_INT_CONVERSION = YES;
				CLANG_WARN_NON_LITERAL_NULL_CONVERSION = YES;
				CLANG_WARN_OBJC_IMPLICIT_RETAIN_SELF = YES;
				CLANG_WARN_OBJC_LITERAL_CONVERSION = YES;
				CLANG_WARN_OBJC_ROOT_CLASS = YES_ERROR;
				CLANG_WARN_QUOTED_INCLUDE_IN_FRAMEWORK_HEADER = YES;
				CLANG_WARN_RANGE_LOOP_ANALYSIS = YES;
				CLANG_WARN_STRICT_PROTOTYPES = YES;
				CLANG_WARN_SUSPICIOUS_MOVE = YES;
				CLANG_WARN_UNGUARDED_AVAILABILITY = YES_AGGRESSIVE;
				CLANG_WARN_UNREACHABLE_CODE = YES;
				CLANG_WARN__DUPLICATE_METHOD_MATCH = YES;
				COPY_PHASE_STRIP = NO;
				DEBUG_INFORMATION_FORMAT = dwarf;
				ENABLE_STRICT_OBJC_MSGSEND = YES;
				ENABLE_TESTABILITY = YES;
				GCC_C_LANGUAGE_STANDARD = gnu11;
				GCC_DYNAMIC_NO_PIC = NO;
				GCC_NO_COMMON_BLOCKS = YES;
				GCC_OPTIMIZATION_LEVEL = 0;
				GCC_PREPROCESSOR_DEFINITIONS = (
					"DEBUG=1",
					"$(inherited)",
				);
				GCC_WARN_64_TO_32_BIT_CONVERSION = YES;
				GCC_WARN_ABOUT_RETURN_TYPE = YES_ERROR;
				GCC_WARN_UNDECLARED_SELECTOR = YES;
				GCC_WARN_UNINITIALIZED_AUTOS = YES_AGGRESSIVE;
				GCC_WARN_UNUSED_FUNCTION = YES;
				GCC_WARN_UNUSED_VARIABLE = YES;
				IPHONEOS_DEPLOYMENT_TARGET = 14.3;
				MTL_ENABLE_DEBUG_INFO = INCLUDE_SOURCE;
				MTL_FAST_MATH = YES;
				ONLY_ACTIVE_ARCH = YES;
				SDKROOT = iphoneos;
			};
			name = Debug;
		};
		B991629825BFD82900618A51 /* Release */ = {
			isa = XCBuildConfiguration;
			buildSettings = {
				ALWAYS_SEARCH_USER_PATHS = NO;
				CLANG_ANALYZER_NONNULL = YES;
				CLANG_ANALYZER_NUMBER_OBJECT_CONVERSION = YES_AGGRESSIVE;
				CLANG_CXX_LANGUAGE_STANDARD = "gnu++14";
				CLANG_CXX_LIBRARY = "libc++";
				CLANG_ENABLE_MODULES = YES;
				CLANG_ENABLE_OBJC_ARC = YES;
				CLANG_ENABLE_OBJC_WEAK = YES;
				CLANG_WARN_BLOCK_CAPTURE_AUTORELEASING = YES;
				CLANG_WARN_BOOL_CONVERSION = YES;
				CLANG_WARN_COMMA = YES;
				CLANG_WARN_CONSTANT_CONVERSION = YES;
				CLANG_WARN_DEPRECATED_OBJC_IMPLEMENTATIONS = YES;
				CLANG_WARN_DIRECT_OBJC_ISA_USAGE = YES_ERROR;
				CLANG_WARN_DOCUMENTATION_COMMENTS = YES;
				CLANG_WARN_EMPTY_BODY = YES;
				CLANG_WARN_ENUM_CONVERSION = YES;
				CLANG_WARN_INFINITE_RECURSION = YES;
				CLANG_WARN_INT_CONVERSION = YES;
				CLANG_WARN_NON_LITERAL_NULL_CONVERSION = YES;
				CLANG_WARN_OBJC_IMPLICIT_RETAIN_SELF = YES;
				CLANG_WARN_OBJC_LITERAL_CONVERSION = YES;
				CLANG_WARN_OBJC_ROOT_CLASS = YES_ERROR;
				CLANG_WARN_QUOTED_INCLUDE_IN_FRAMEWORK_HEADER = YES;
				CLANG_WARN_RANGE_LOOP_ANALYSIS = YES;
				CLANG_WARN_STRICT_PROTOTYPES = YES;
				CLANG_WARN_SUSPICIOUS_MOVE = YES;
				CLANG_WARN_UNGUARDED_AVAILABILITY = YES_AGGRESSIVE;
				CLANG_WARN_UNREACHABLE_CODE = YES;
				CLANG_WARN__DUPLICATE_METHOD_MATCH = YES;
				COPY_PHASE_STRIP = NO;
				DEBUG_INFORMATION_FORMAT = "dwarf-with-dsym";
				ENABLE_NS_ASSERTIONS = NO;
				ENABLE_STRICT_OBJC_MSGSEND = YES;
				GCC_C_LANGUAGE_STANDARD = gnu11;
				GCC_NO_COMMON_BLOCKS = YES;
				GCC_WARN_64_TO_32_BIT_CONVERSION = YES;
				GCC_WARN_ABOUT_RETURN_TYPE = YES_ERROR;
				GCC_WARN_UNDECLARED_SELECTOR = YES;
				GCC_WARN_UNINITIALIZED_AUTOS = YES_AGGRESSIVE;
				GCC_WARN_UNUSED_FUNCTION = YES;
				GCC_WARN_UNUSED_VARIABLE = YES;
				IPHONEOS_DEPLOYMENT_TARGET = 14.3;
				MTL_ENABLE_DEBUG_INFO = NO;
				MTL_FAST_MATH = YES;
				SDKROOT = iphoneos;
				VALIDATE_PRODUCT = YES;
			};
			name = Release;
		};
		B991629A25BFD82900618A51 /* Debug */ = {
			isa = XCBuildConfiguration;
			buildSettings = {
				ASSETCATALOG_COMPILER_APPICON_NAME = AppIcon;
				ASSETCATALOG_COMPILER_GLOBAL_ACCENT_COLOR_NAME = AccentColor;
				CODE_SIGN_STYLE = Automatic;
				DEVELOPMENT_TEAM = 2XZPR2378T;
				INFOPLIST_FILE = DarkmodePractice/Info.plist;
				LD_RUNPATH_SEARCH_PATHS = (
					"$(inherited)",
					"@executable_path/Frameworks",
				);
				PRODUCT_BUNDLE_IDENTIFIER = com.myung.DarkmodePractice;
				PRODUCT_NAME = "$(TARGET_NAME)";
				TARGETED_DEVICE_FAMILY = "1,2";
			};
			name = Debug;
		};
		B991629B25BFD82900618A51 /* Release */ = {
			isa = XCBuildConfiguration;
			buildSettings = {
				ASSETCATALOG_COMPILER_APPICON_NAME = AppIcon;
				ASSETCATALOG_COMPILER_GLOBAL_ACCENT_COLOR_NAME = AccentColor;
				CODE_SIGN_STYLE = Automatic;
				DEVELOPMENT_TEAM = 2XZPR2378T;
				INFOPLIST_FILE = DarkmodePractice/Info.plist;
				LD_RUNPATH_SEARCH_PATHS = (
					"$(inherited)",
					"@executable_path/Frameworks",
				);
				PRODUCT_BUNDLE_IDENTIFIER = com.myung.DarkmodePractice;
				PRODUCT_NAME = "$(TARGET_NAME)";
				TARGETED_DEVICE_FAMILY = "1,2";
			};
			name = Release;
		};
/* End XCBuildConfiguration section */

/* Begin XCConfigurationList section */
		B991627B25BFD82800618A51 /* Build configuration list for PBXProject "DarkmodePractice" */ = {
			isa = XCConfigurationList;
			buildConfigurations = (
				B991629725BFD82900618A51 /* Debug */,
				B991629825BFD82900618A51 /* Release */,
			);
			defaultConfigurationIsVisible = 0;
			defaultConfigurationName = Release;
		};
		B991629925BFD82900618A51 /* Build configuration list for PBXNativeTarget "DarkmodePractice" */ = {
			isa = XCConfigurationList;
			buildConfigurations = (
				B991629A25BFD82900618A51 /* Debug */,
				B991629B25BFD82900618A51 /* Release */,
			);
			defaultConfigurationIsVisible = 0;
			defaultConfigurationName = Release;
		};
/* End XCConfigurationList section */
	};
	rootObject = B991627825BFD82800618A51 /* Project object */;
}
